PODS:
  - AeroGear (1.0.0):
    - AFNetworking (= 1.0RC1)
  - AFNetworking (1.0RC1)
  - JSONKit (1.5pre)
  - Reachability (3.0.0)

DEPENDENCIES:
  - AeroGear (from `https://github.com/aerogear/aerogear-ios.git`)
  - JSONKit (~> 1.4)
  - Reachability (~> 3.0.0)

EXTERNAL SOURCES:
  AeroGear:
    :git: https://github.com/aerogear/aerogear-ios.git

SPEC CHECKSUMS:
  AeroGear: d57e8e28a174254837af803981faaaf8fbdda750
  AFNetworking: b21c1252d437fd322e7db1caa93b163d76a362cb
  JSONKit: 409734ab3407fce90ef7eaa95d7168f38d9a6601
  Reachability: 500bd76bf6cd8ff2c6fb715fc5f44ef6e4c024f2

COCOAPODS: 0.19.1
